
Microsoft Visual Studio Solution File, Format Version 12.00
# Visual Studio 15
VisualStudioVersion = 15.0.28307.539
MinimumVisualStudioVersion = 10.0.40219.1
Project("{FAE04EC0-301F-11D3-BF4B-00C04F79EFBC}") = "SharpGenerics", "SharpGenerics\SharpGenerics.csproj", "{0CC9557A-1A19-4915-88FF-495D6E2C985A}"
EndProject
Project("{FAE04EC0-301F-11D3-BF4B-00C04F79EFBC}") = "MyList", "MyList\MyList.csproj", "{7AC2DFF9-B402-4FAB-8071-8410817CAB47}"
EndProject
Project("{FAE04EC0-301F-11D3-BF4B-00C04F79EFBC}") = "MyDictionary", "MyDictionary\MyDictionary.csproj", "{46740363-5BF0-4823-9CFB-5BCEEE1C503A}"
EndProject
Global
	GlobalSection(SolutionConfigurationPlatforms) = preSolution
		Debug|Any CPU = Debug|Any CPU
		Release|Any CPU = Release|Any CPU
	EndGlobalSection
	GlobalSection(ProjectConfigurationPlatforms) = postSolution
		{0CC9557A-1A19-4915-88FF-495D6E2C985A}.Debug|Any CPU.ActiveCfg = Debug|Any CPU
		{0CC9557A-1A19-4915-88FF-495D6E2C985A}.Debug|Any CPU.Build.0 = Debug|Any CPU
		{0CC9557A-1A19-4915-88FF-495D6E2C985A}.Release|Any CPU.ActiveCfg = Release|Any CPU
		{0CC9557A-1A19-4915-88FF-495D6E2C985A}.Release|Any CPU.Build.0 = Release|Any CPU
		{7AC2DFF9-B402-4FAB-8071-8410817CAB47}.Debug|Any CPU.ActiveCfg = Debug|Any CPU
		{7AC2DFF9-B402-4FAB-8071-8410817CAB47}.Debug|Any CPU.Build.0 = Debug|Any CPU
		{7AC2DFF9-B402-4FAB-8071-8410817CAB47}.Release|Any CPU.ActiveCfg = Release|Any CPU
		{7AC2DFF9-B402-4FAB-8071-8410817CAB47}.Release|Any CPU.Build.0 = Release|Any CPU
		{46740363-5BF0-4823-9CFB-5BCEEE1C503A}.Debug|Any CPU.ActiveCfg = Debug|Any CPU
		{46740363-5BF0-4823-9CFB-5BCEEE1C503A}.Debug|Any CPU.Build.0 = Debug|Any CPU
		{46740363-5BF0-4823-9CFB-5BCEEE1C503A}.Release|Any CPU.ActiveCfg = Release|Any CPU
		{46740363-5BF0-4823-9CFB-5BCEEE1C503A}.Release|Any CPU.Build.0 = Release|Any CPU
	EndGlobalSection
	GlobalSection(SolutionProperties) = preSolution
		HideSolutionNode = FALSE
	EndGlobalSection
	GlobalSection(ExtensibilityGlobals) = postSolution
		SolutionGuid = {E3D38C3D-D050-4729-BCE7-3BFDA1F8349A}
	EndGlobalSection
EndGlobal
